// !$*UTF8*$!
{
	archiveVersion = 1;
	classes = {
	};
	objectVersion = 46;
	objects = {

/* Begin PBXBuildFile section */
		36FA045319907EC900DD29BD /* AppDelegate.swift in Sources */ = {isa = PBXBuildFile; fileRef = 36FA045219907EC900DD29BD /* AppDelegate.swift */; };
		36FA045519907EC900DD29BD /* ViewController.swift in Sources */ = {isa = PBXBuildFile; fileRef = 36FA045419907EC900DD29BD /* ViewController.swift */; };
		36FA045819907EC900DD29BD /* Main.storyboard in Resources */ = {isa = PBXBuildFile; fileRef = 36FA045619907EC900DD29BD /* Main.storyboard */; };
		36FA045A19907EC900DD29BD /* Images.xcassets in Resources */ = {isa = PBXBuildFile; fileRef = 36FA045919907EC900DD29BD /* Images.xcassets */; };
		36FA046619907EC900DD29BD /* JsonTest2Tests.swift in Sources */ = {isa = PBXBuildFile; fileRef = 36FA046519907EC900DD29BD /* JsonTest2Tests.swift */; };
		36FA047A19907F5100DD29BD /* JsonTest.swift in Sources */ = {isa = PBXBuildFile; fileRef = 36FA047919907F5100DD29BD /* JsonTest.swift */; };
		36FA047F199081C400DD29BD /* HTTPRequestSerializer.swift in Sources */ = {isa = PBXBuildFile; fileRef = 36FA047B199081C400DD29BD /* HTTPRequestSerializer.swift */; };
		36FA0480199081C400DD29BD /* HTTPResponseSerializer.swift in Sources */ = {isa = PBXBuildFile; fileRef = 36FA047C199081C400DD29BD /* HTTPResponseSerializer.swift */; };
		36FA0481199081C400DD29BD /* HTTPTask.swift in Sources */ = {isa = PBXBuildFile; fileRef = 36FA047D199081C400DD29BD /* HTTPTask.swift */; };
		36FA0482199081C400DD29BD /* HTTPUpload.swift in Sources */ = {isa = PBXBuildFile; fileRef = 36FA047E199081C400DD29BD /* HTTPUpload.swift */; };
		36FA04861990877B00DD29BD /* SwiftyJSON.swift in Sources */ = {isa = PBXBuildFile; fileRef = 36FA04851990877B00DD29BD /* SwiftyJSON.swift */; };
/* End PBXBuildFile section */

/* Begin PBXContainerItemProxy section */
		36FA046019907EC900DD29BD /* PBXContainerItemProxy */ = {
			isa = PBXContainerItemProxy;
			containerPortal = 36FA044519907EC900DD29BD /* Project object */;
			proxyType = 1;
			remoteGlobalIDString = 36FA044C19907EC900DD29BD;
			remoteInfo = JsonTest2;
		};
/* End PBXContainerItemProxy section */

/* Begin PBXFileReference section */
		36FA044D19907EC900DD29BD /* JsonTest2.app */ = {isa = PBXFileReference; explicitFileType = wrapper.application; includeInIndex = 0; path = JsonTest2.app; sourceTree = BUILT_PRODUCTS_DIR; };
		36FA045119907EC900DD29BD /* Info.plist */ = {isa = PBXFileReference; lastKnownFileType = text.plist.xml; path = Info.plist; sourceTree = "<group>"; };
		36FA045219907EC900DD29BD /* AppDelegate.swift */ = {isa = PBXFileReference; lastKnownFileType = sourcecode.swift; path = AppDelegate.swift; sourceTree = "<group>"; };
		36FA045419907EC900DD29BD /* ViewController.swift */ = {isa = PBXFileReference; lastKnownFileType = sourcecode.swift; path = ViewController.swift; sourceTree = "<group>"; };
		36FA045719907EC900DD29BD /* Base */ = {isa = PBXFileReference; lastKnownFileType = file.storyboard; name = Base; path = Base.lproj/Main.storyboard; sourceTree = "<group>"; };
		36FA045919907EC900DD29BD /* Images.xcassets */ = {isa = PBXFileReference; lastKnownFileType = folder.assetcatalog; path = Images.xcassets; sourceTree = "<group>"; };
		36FA045F19907EC900DD29BD /* JsonTest2Tests.xctest */ = {isa = PBXFileReference; explicitFileType = wrapper.cfbundle; includeInIndex = 0; path = JsonTest2Tests.xctest; sourceTree = BUILT_PRODUCTS_DIR; };
		36FA046419907EC900DD29BD /* Info.plist */ = {isa = PBXFileReference; lastKnownFileType = text.plist.xml; path = Info.plist; sourceTree = "<group>"; };
		36FA046519907EC900DD29BD /* JsonTest2Tests.swift */ = {isa = PBXFileReference; lastKnownFileType = sourcecode.swift; path = JsonTest2Tests.swift; sourceTree = "<group>"; };
		36FA047919907F5100DD29BD /* JsonTest.swift */ = {isa = PBXFileReference; fileEncoding = 4; lastKnownFileType = sourcecode.swift; path = JsonTest.swift; sourceTree = "<group>"; };
		36FA047B199081C400DD29BD /* HTTPRequestSerializer.swift */ = {isa = PBXFileReference; fileEncoding = 4; lastKnownFileType = sourcecode.swift; path = HTTPRequestSerializer.swift; sourceTree = "<group>"; };
		36FA047C199081C400DD29BD /* HTTPResponseSerializer.swift */ = {isa = PBXFileReference; fileEncoding = 4; lastKnownFileType = sourcecode.swift; path = HTTPResponseSerializer.swift; sourceTree = "<group>"; };
		36FA047D199081C400DD29BD /* HTTPTask.swift */ = {isa = PBXFileReference; fileEncoding = 4; lastKnownFileType = sourcecode.swift; path = HTTPTask.swift; sourceTree = "<group>"; };
		36FA047E199081C400DD29BD /* HTTPUpload.swift */ = {isa = PBXFileReference; fileEncoding = 4; lastKnownFileType = sourcecode.swift; path = HTTPUpload.swift; sourceTree = "<group>"; };
		36FA04841990877B00DD29BD /* SwiftyJSON.h */ = {isa = PBXFileReference; fileEncoding = 4; lastKnownFileType = sourcecode.c.h; path = SwiftyJSON.h; sourceTree = "<group>"; };
		36FA04851990877B00DD29BD /* SwiftyJSON.swift */ = {isa = PBXFileReference; fileEncoding = 4; lastKnownFileType = sourcecode.swift; path = SwiftyJSON.swift; sourceTree = "<group>"; };
/* End PBXFileReference section */

/* Begin PBXFrameworksBuildPhase section */
		36FA044A19907EC900DD29BD /* Frameworks */ = {
			isa = PBXFrameworksBuildPhase;
			buildActionMask = 2147483647;
			files = (
			);
			runOnlyForDeploymentPostprocessing = 0;
		};
		36FA045C19907EC900DD29BD /* Frameworks */ = {
			isa = PBXFrameworksBuildPhase;
			buildActionMask = 2147483647;
			files = (
			);
			runOnlyForDeploymentPostprocessing = 0;
		};
/* End PBXFrameworksBuildPhase section */

/* Begin PBXGroup section */
		36FA044419907EC900DD29BD = {
			isa = PBXGroup;
			children = (
				36FA04831990872000DD29BD /* SwiftyJson */,
				36FA047019907F0800DD29BD /* Http */,
				36FA044F19907EC900DD29BD /* JsonTest2 */,
				36FA046219907EC900DD29BD /* JsonTest2Tests */,
				36FA044E19907EC900DD29BD /* Products */,
			);
			sourceTree = "<group>";
		};
		36FA044E19907EC900DD29BD /* Products */ = {
			isa = PBXGroup;
			children = (
				36FA044D19907EC900DD29BD /* JsonTest2.app */,
				36FA045F19907EC900DD29BD /* JsonTest2Tests.xctest */,
			);
			name = Products;
			sourceTree = "<group>";
		};
		36FA044F19907EC900DD29BD /* JsonTest2 */ = {
			isa = PBXGroup;
			children = (
				36FA045219907EC900DD29BD /* AppDelegate.swift */,
				36FA047919907F5100DD29BD /* JsonTest.swift */,
				36FA045419907EC900DD29BD /* ViewController.swift */,
				36FA045619907EC900DD29BD /* Main.storyboard */,
				36FA045919907EC900DD29BD /* Images.xcassets */,
				36FA045019907EC900DD29BD /* Supporting Files */,
			);
			path = JsonTest2;
			sourceTree = "<group>";
		};
		36FA045019907EC900DD29BD /* Supporting Files */ = {
			isa = PBXGroup;
			children = (
				36FA045119907EC900DD29BD /* Info.plist */,
			);
			name = "Supporting Files";
			sourceTree = "<group>";
		};
		36FA046219907EC900DD29BD /* JsonTest2Tests */ = {
			isa = PBXGroup;
			children = (
				36FA046519907EC900DD29BD /* JsonTest2Tests.swift */,
				36FA046319907EC900DD29BD /* Supporting Files */,
			);
			path = JsonTest2Tests;
			sourceTree = "<group>";
		};
		36FA046319907EC900DD29BD /* Supporting Files */ = {
			isa = PBXGroup;
			children = (
				36FA046419907EC900DD29BD /* Info.plist */,
			);
			name = "Supporting Files";
			sourceTree = "<group>";
		};
		36FA047019907F0800DD29BD /* Http */ = {
			isa = PBXGroup;
			children = (
				36FA047B199081C400DD29BD /* HTTPRequestSerializer.swift */,
				36FA047C199081C400DD29BD /* HTTPResponseSerializer.swift */,
				36FA047D199081C400DD29BD /* HTTPTask.swift */,
				36FA047E199081C400DD29BD /* HTTPUpload.swift */,
			);
			name = Http;
			sourceTree = "<group>";
		};
		36FA04831990872000DD29BD /* SwiftyJson */ = {
			isa = PBXGroup;
			children = (
				36FA04841990877B00DD29BD /* SwiftyJSON.h */,
				36FA04851990877B00DD29BD /* SwiftyJSON.swift */,
			);
			name = SwiftyJson;
			sourceTree = "<group>";
		};
/* End PBXGroup section */

/* Begin PBXNativeTarget section */
		36FA044C19907EC900DD29BD /* JsonTest2 */ = {
			isa = PBXNativeTarget;
			buildConfigurationList = 36FA046919907EC900DD29BD /* Build configuration list for PBXNativeTarget "JsonTest2" */;
			buildPhases = (
				36FA044919907EC900DD29BD /* Sources */,
				36FA044A19907EC900DD29BD /* Frameworks */,
				36FA044B19907EC900DD29BD /* Resources */,
			);
			buildRules = (
			);
			dependencies = (
			);
			name = JsonTest2;
			productName = JsonTest2;
			productReference = 36FA044D19907EC900DD29BD /* JsonTest2.app */;
			productType = "com.apple.product-type.application";
		};
		36FA045E19907EC900DD29BD /* JsonTest2Tests */ = {
			isa = PBXNativeTarget;
			buildConfigurationList = 36FA046C19907EC900DD29BD /* Build configuration list for PBXNativeTarget "JsonTest2Tests" */;
			buildPhases = (
				36FA045B19907EC900DD29BD /* Sources */,
				36FA045C19907EC900DD29BD /* Frameworks */,
				36FA045D19907EC900DD29BD /* Resources */,
			);
			buildRules = (
			);
			dependencies = (
				36FA046119907EC900DD29BD /* PBXTargetDependency */,
			);
			name = JsonTest2Tests;
			productName = JsonTest2Tests;
			productReference = 36FA045F19907EC900DD29BD /* JsonTest2Tests.xctest */;
			productType = "com.apple.product-type.bundle.unit-test";
		};
/* End PBXNativeTarget section */

/* Begin PBXProject section */
		36FA044519907EC900DD29BD /* Project object */ = {
			isa = PBXProject;
			attributes = {
				LastUpgradeCheck = 0600;
				ORGANIZATIONNAME = mohoo;
				TargetAttributes = {
					36FA044C19907EC900DD29BD = {
						CreatedOnToolsVersion = 6.0;
					};
					36FA045E19907EC900DD29BD = {
						CreatedOnToolsVersion = 6.0;
						TestTargetID = 36FA044C19907EC900DD29BD;
					};
				};
			};
			buildConfigurationList = 36FA044819907EC900DD29BD /* Build configuration list for PBXProject "JsonTest2" */;
			compatibilityVersion = "Xcode 3.2";
			developmentRegion = English;
			hasScannedForEncodings = 0;
			knownRegions = (
				en,
				Base,
			);
			mainGroup = 36FA044419907EC900DD29BD;
			productRefGroup = 36FA044E19907EC900DD29BD /* Products */;
			projectDirPath = "";
			projectRoot = "";
			targets = (
				36FA044C19907EC900DD29BD /* JsonTest2 */,
				36FA045E19907EC900DD29BD /* JsonTest2Tests */,
			);
		};
/* End PBXProject section */

/* Begin PBXResourcesBuildPhase section */
		36FA044B19907EC900DD29BD /* Resources */ = {
			isa = PBXResourcesBuildPhase;
			buildActionMask = 2147483647;
			files = (
				36FA045819907EC900DD29BD /* Main.storyboard in Resources */,
				36FA045A19907EC900DD29BD /* Images.xcassets in Resources */,
			);
			runOnlyForDeploymentPostprocessing = 0;
		};
		36FA045D19907EC900DD29BD /* Resources */ = {
			isa = PBXResourcesBuildPhase;
			buildActionMask = 2147483647;
			files = (
			);
			runOnlyForDeploymentPostprocessing = 0;
		};
/* End PBXResourcesBuildPhase section */

/* Begin PBXSourcesBuildPhase section */
		36FA044919907EC900DD29BD /* Sources */ = {
			isa = PBXSourcesBuildPhase;
			buildActionMask = 2147483647;
			files = (
				36FA0481199081C400DD29BD /* HTTPTask.swift in Sources */,
				36FA045519907EC900DD29BD /* ViewController.swift in Sources */,
				36FA0482199081C400DD29BD /* HTTPUpload.swift in Sources */,
				36FA04861990877B00DD29BD /* SwiftyJSON.swift in Sources */,
				36FA047F199081C400DD29BD /* HTTPRequestSerializer.swift in Sources */,
				36FA047A19907F5100DD29BD /* JsonTest.swift in Sources */,
				36FA045319907EC900DD29BD /* AppDelegate.swift in Sources */,
				36FA0480199081C400DD29BD /* HTTPResponseSerializer.swift in Sources */,
			);
			runOnlyForDeploymentPostprocessing = 0;
		};
		36FA045B19907EC900DD29BD /* Sources */ = {
			isa = PBXSourcesBuildPhase;
			buildActionMask = 2147483647;
			files = (
				36FA046619907EC900DD29BD /* JsonTest2Tests.swift in Sources */,
			);
			runOnlyForDeploymentPostprocessing = 0;
		};
/* End PBXSourcesBuildPhase section */

/* Begin PBXTargetDependency section */
		36FA046119907EC900DD29BD /* PBXTargetDependency */ = {
			isa = PBXTargetDependency;
			target = 36FA044C19907EC900DD29BD /* JsonTest2 */;
			targetProxy = 36FA046019907EC900DD29BD /* PBXContainerItemProxy */;
		};
/* End PBXTargetDependency section */

/* Begin PBXVariantGroup section */
		36FA045619907EC900DD29BD /* Main.storyboard */ = {
			isa = PBXVariantGroup;
			children = (
				36FA045719907EC900DD29BD /* Base */,
			);
			name = Main.storyboard;
			sourceTree = "<group>";
		};
/* End PBXVariantGroup section */

/* Begin XCBuildConfiguration section */
		36FA046719907EC900DD29BD /* Debug */ = {
			isa = XCBuildConfiguration;
			buildSettings = {
				ALWAYS_SEARCH_USER_PATHS = NO;
				CLANG_CXX_LANGUAGE_STANDARD = "gnu++0x";
				CLANG_CXX_LIBRARY = "libc++";
				CLANG_ENABLE_MODULES = YES;
				CLANG_ENABLE_OBJC_ARC = YES;
				CLANG_WARN_BOOL_CONVERSION = YES;
				CLANG_WARN_CONSTANT_CONVERSION = YES;
				CLANG_WARN_DIRECT_OBJC_ISA_USAGE = YES_ERROR;
				CLANG_WARN_EMPTY_BODY = YES;
				CLANG_WARN_ENUM_CONVERSION = YES;
				CLANG_WARN_INT_CONVERSION = YES;
				CLANG_WARN_OBJC_ROOT_CLASS = YES_ERROR;
				CLANG_WARN_UNREACHABLE_CODE = YES;
				CLANG_WARN__DUPLICATE_METHOD_MATCH = YES;
				"CODE_SIGN_IDENTITY[sdk=iphoneos*]" = "iPhone Developer";
				COPY_PHASE_STRIP = NO;
				ENABLE_STRICT_OBJC_MSGSEND = YES;
				GCC_C_LANGUAGE_STANDARD = gnu99;
				GCC_DYNAMIC_NO_PIC = NO;
				GCC_OPTIMIZATION_LEVEL = 0;
				GCC_PREPROCESSOR_DEFINITIONS = (
					"DEBUG=1",
					"$(inherited)",
				);
				GCC_SYMBOLS_PRIVATE_EXTERN = NO;
				GCC_WARN_64_TO_32_BIT_CONVERSION = YES;
				GCC_WARN_ABOUT_RETURN_TYPE = YES_ERROR;
				GCC_WARN_UNDECLARED_SELECTOR = YES;
				GCC_WARN_UNINITIALIZED_AUTOS = YES_AGGRESSIVE;
				GCC_WARN_UNUSED_FUNCTION = YES;
				GCC_WARN_UNUSED_VARIABLE = YES;
				IPHONEOS_DEPLOYMENT_TARGET = 8.0;
				MTL_ENABLE_DEBUG_INFO = YES;
				ONLY_ACTIVE_ARCH = YES;
				SDKROOT = iphoneos;
				SWIFT_OPTIMIZATION_LEVEL = "-Onone";
			};
			name = Debug;
		};
		36FA046819907EC900DD29BD /* Release */ = {
			isa = XCBuildConfiguration;
			buildSettings = {
				ALWAYS_SEARCH_USER_PATHS = NO;
				CLANG_CXX_LANGUAGE_STANDARD = "gnu++0x";
				CLANG_CXX_LIBRARY = "libc++";
				CLANG_ENABLE_MODULES = YES;
				CLANG_ENABLE_OBJC_ARC = YES;
				CLANG_WARN_BOOL_CONVERSION = YES;
				CLANG_WARN_CONSTANT_CONVERSION = YES;
				CLANG_WARN_DIRECT_OBJC_ISA_USAGE = YES_ERROR;
				CLANG_WARN_EMPTY_BODY = YES;
				CLANG_WARN_ENUM_CONVERSION = YES;
				CLANG_WARN_INT_CONVERSION = YES;
				CLANG_WARN_OBJC_ROOT_CLASS = YES_ERROR;
				CLANG_WARN_UNREACHABLE_CODE = YES;
				CLANG_WARN__DUPLICATE_METHOD_MATCH = YES;
				"CODE_SIGN_IDENTITY[sdk=iphoneos*]" = "iPhone Developer";
				COPY_PHASE_STRIP = YES;
				ENABLE_NS_ASSERTIONS = NO;
				ENABLE_STRICT_OBJC_MSGSEND = YES;
				GCC_C_LANGUAGE_STANDARD = gnu99;
				GCC_WARN_64_TO_32_BIT_CONVERSION = YES;
				GCC_WARN_ABOUT_RETURN_TYPE = YES_ERROR;
				GCC_WARN_UNDECLARED_SELECTOR = YES;
				GCC_WARN_UNINITIALIZED_AUTOS = YES_AGGRESSIVE;
				GCC_WARN_UNUSED_FUNCTION = YES;
				GCC_WARN_UNUSED_VARIABLE = YES;
				IPHONEOS_DEPLOYMENT_TARGET = 8.0;
				MTL_ENABLE_DEBUG_INFO = NO;
				SDKROOT = iphoneos;
				VALIDATE_PRODUCT = YES;
			};
			name = Release;
		};
		36FA046A19907EC900DD29BD /* Debug */ = {
			isa = XCBuildConfiguration;
			buildSettings = {
				ASSETCATALOG_COMPILER_APPICON_NAME = AppIcon;
				ASSETCATALOG_COMPILER_LAUNCHIMAGE_NAME = LaunchImage;
				INFOPLIST_FILE = JsonTest2/Info.plist;
				LD_RUNPATH_SEARCH_PATHS = "$(inherited) @executable_path/Frameworks";
				PRODUCT_NAME = "$(TARGET_NAME)";
			};
			name = Debug;
		};
		36FA046B19907EC900DD29BD /* Release */ = {
			isa = XCBuildConfiguration;
			buildSettings = {
				ASSETCATALOG_COMPILER_APPICON_NAME = AppIcon;
				ASSETCATALOG_COMPILER_LAUNCHIMAGE_NAME = LaunchImage;
				INFOPLIST_FILE = JsonTest2/Info.plist;
				LD_RUNPATH_SEARCH_PATHS = "$(inherited) @executable_path/Frameworks";
				PRODUCT_NAME = "$(TARGET_NAME)";
			};
			name = Release;
		};
		36FA046D19907EC900DD29BD /* Debug */ = {
			isa = XCBuildConfiguration;
			buildSettings = {
				BUNDLE_LOADER = "$(BUILT_PRODUCTS_DIR)/JsonTest2.app/JsonTest2";
				FRAMEWORK_SEARCH_PATHS = (
					"$(SDKROOT)/Developer/Library/Frameworks",
					"$(inherited)",
				);
				GCC_PREPROCESSOR_DEFINITIONS = (
					"DEBUG=1",
					"$(inherited)",
				);
				INFOPLIST_FILE = JsonTest2Tests/Info.plist;
				LD_RUNPATH_SEARCH_PATHS = "$(inherited) @executable_path/Frameworks @loader_path/Frameworks";
				PRODUCT_NAME = "$(TARGET_NAME)";
				TEST_HOST = "$(BUNDLE_LOADER)";
			};
			name = Debug;
		};
		36FA046E19907EC900DD29BD /* Release */ = {
			isa = XCBuildConfiguration;
			buildSettings = {
				BUNDLE_LOADER = "$(BUILT_PRODUCTS_DIR)/JsonTest2.app/JsonTest2";
				FRAMEWORK_SEARCH_PATHS = (
					"$(SDKROOT)/Developer/Library/Frameworks",
					"$(inherited)",
				);
				INFOPLIST_FILE = JsonTest2Tests/Info.plist;
				LD_RUNPATH_SEARCH_PATHS = "$(inherited) @executable_path/Frameworks @loader_path/Frameworks";
				PRODUCT_NAME = "$(TARGET_NAME)";
				TEST_HOST = "$(BUNDLE_LOADER)";
			};
			name = Release;
		};
/* End XCBuildConfiguration section */

/* Begin XCConfigurationList section */
		36FA044819907EC900DD29BD /* Build configuration list for PBXProject "JsonTest2" */ = {
			isa = XCConfigurationList;
			buildConfigurations = (
				36FA046719907EC900DD29BD /* Debug */,
				36FA046819907EC900DD29BD /* Release */,
			);
			defaultConfigurationIsVisible = 0;
			defaultConfigurationName = Release;
		};
		36FA046919907EC900DD29BD /* Build configuration list for PBXNativeTarget "JsonTest2" */ = {
			isa = XCConfigurationList;
			buildConfigurations = (
				36FA046A19907EC900DD29BD /* Debug */,
				36FA046B19907EC900DD29BD /* Release */,
			);
			defaultConfigurationIsVisible = 0;
		};
		36FA046C19907EC900DD29BD /* Build configuration list for PBXNativeTarget "JsonTest2Tests" */ = {
			isa = XCConfigurationList;
			buildConfigurations = (
				36FA046D19907EC900DD29BD /* Debug */,
				36FA046E19907EC900DD29BD /* Release */,
			);
			defaultConfigurationIsVisible = 0;
		};
/* End XCConfigurationList section */
	};
	rootObject = 36FA044519907EC900DD29BD /* Project object */;
}
